
Microsoft Visual Studio Solution File, Format Version 12.00
# Visual Studio 15
VisualStudioVersion = 15.0.27428.2005
MinimumVisualStudioVersion = 10.0.40219.1
Project("{FAE04EC0-301F-11D3-BF4B-00C04F79EFBC}") = "SOAP_VELIB", "SOAP_VELIB\SOAP_VELIB.csproj", "{CEBB4541-F263-4A47-B39A-D83E2535A6D9}"
EndProject
Project("{FAE04EC0-301F-11D3-BF4B-00C04F79EFBC}") = "Client", "Client\Client.csproj", "{06293F29-C8BB-4B91-B2D0-8C142019A239}"
EndProject
Project("{FAE04EC0-301F-11D3-BF4B-00C04F79EFBC}") = "Client_graphique", "Client_graphique\Client_graphique.csproj", "{91C24513-2A5D-40F5-A442-7562EE70F4F9}"
EndProject
Project("{FAE04EC0-301F-11D3-BF4B-00C04F79EFBC}") = "Monitoring_Client", "Monitoring\Monitoring_Client.csproj", "{B0905D4D-1EFA-498A-A9FA-342F2257E242}"
EndProject
Global
	GlobalSection(SolutionConfigurationPlatforms) = preSolution
		Debug|Any CPU = Debug|Any CPU
		Release|Any CPU = Release|Any CPU
	EndGlobalSection
	GlobalSection(ProjectConfigurationPlatforms) = postSolution
		{CEBB4541-F263-4A47-B39A-D83E2535A6D9}.Debug|Any CPU.ActiveCfg = Debug|Any CPU
		{CEBB4541-F263-4A47-B39A-D83E2535A6D9}.Debug|Any CPU.Build.0 = Debug|Any CPU
		{CEBB4541-F263-4A47-B39A-D83E2535A6D9}.Release|Any CPU.ActiveCfg = Release|Any CPU
		{CEBB4541-F263-4A47-B39A-D83E2535A6D9}.Release|Any CPU.Build.0 = Release|Any CPU
		{06293F29-C8BB-4B91-B2D0-8C142019A239}.Debug|Any CPU.ActiveCfg = Debug|Any CPU
		{06293F29-C8BB-4B91-B2D0-8C142019A239}.Debug|Any CPU.Build.0 = Debug|Any CPU
		{06293F29-C8BB-4B91-B2D0-8C142019A239}.Release|Any CPU.ActiveCfg = Release|Any CPU
		{06293F29-C8BB-4B91-B2D0-8C142019A239}.Release|Any CPU.Build.0 = Release|Any CPU
		{91C24513-2A5D-40F5-A442-7562EE70F4F9}.Debug|Any CPU.ActiveCfg = Debug|Any CPU
		{91C24513-2A5D-40F5-A442-7562EE70F4F9}.Debug|Any CPU.Build.0 = Debug|Any CPU
		{91C24513-2A5D-40F5-A442-7562EE70F4F9}.Release|Any CPU.ActiveCfg = Release|Any CPU
		{91C24513-2A5D-40F5-A442-7562EE70F4F9}.Release|Any CPU.Build.0 = Release|Any CPU
		{B0905D4D-1EFA-498A-A9FA-342F2257E242}.Debug|Any CPU.ActiveCfg = Debug|Any CPU
		{B0905D4D-1EFA-498A-A9FA-342F2257E242}.Debug|Any CPU.Build.0 = Debug|Any CPU
		{B0905D4D-1EFA-498A-A9FA-342F2257E242}.Release|Any CPU.ActiveCfg = Release|Any CPU
		{B0905D4D-1EFA-498A-A9FA-342F2257E242}.Release|Any CPU.Build.0 = Release|Any CPU
	EndGlobalSection
	GlobalSection(SolutionProperties) = preSolution
		HideSolutionNode = FALSE
	EndGlobalSection
	GlobalSection(ExtensibilityGlobals) = postSolution
		SolutionGuid = {5F7C7C0E-80AD-4BA4-BCC4-E816052E71EF}
	EndGlobalSection
EndGlobal
